schema: '2.0'
stages:
  scrape:
    cmd: python src/scraper.py
    deps:
    - path: config.yaml
      hash: md5
      md5: d1142a2ffd01d6f2106dd3a00b5a2571
      size: 3971
    - path: src/scraper.py
      hash: md5
      md5: bfd4177e289a3be73cf82745b4570d49
      size: 17072
    outs:
    - path: data/raw/medical_raw.csv
      hash: md5
      md5: 2bf9040f5199bb6a747517e24512724c
      size: 24662
  anonymize:
    cmd: python -c " import pandas as pd; import sys; sys.path.insert(0, 'src');
      from anonymizer import MedicalAnonymizer; df = 
      pd.read_csv('data/raw/medical_raw.csv'); MedicalAnonymizer(k=3, 
      strategy='replace', 
      output_path='data/processed/medical_v1.0_anonymized.csv', 
      report_path='reports/anonymization_report.json').run(df) "
    deps:
    - path: config.yaml
      hash: md5
      md5: d1142a2ffd01d6f2106dd3a00b5a2571
      size: 3971
    - path: data/raw/medical_raw.csv
      hash: md5
      md5: 2bf9040f5199bb6a747517e24512724c
      size: 24662
    - path: src/anonymizer.py
      hash: md5
      md5: 38df705208eb1086f87329861786787f
      size: 12605
    outs:
    - path: data/processed/medical_v1.0_anonymized.csv
      hash: md5
      md5: 8f3a40496560dd1230a2b273c8d8e4e4
      size: 18942
    - path: reports/anonymization_report.json
      hash: md5
      md5: 183bc2276dd7ce90c2c289107a029ca9
      size: 593
  dqv:
    cmd: python -c " import pandas as pd; import sys; sys.path.insert(0, 'src');
      from dqv import DataQualityVerifier, DQVConfig; df = 
      pd.read_csv('data/processed/medical_v1.0_anonymized.csv'); gate, _ = 
      DataQualityVerifier(DQVConfig()).run(df); sys.exit(0 if gate else 1) "
    deps:
    - path: config.yaml
      hash: md5
      md5: d1142a2ffd01d6f2106dd3a00b5a2571
      size: 3971
    - path: data/processed/medical_v1.0_anonymized.csv
      hash: md5
      md5: 8f3a40496560dd1230a2b273c8d8e4e4
      size: 18942
    - path: src/dqv.py
      hash: md5
      md5: 1883d0dd1636446de152cc6955fb016a
      size: 18681
    outs:
    - path: reports/dqv_report.html
      hash: md5
      md5: 3097cf2c00dfb1552ed9e504d18dd711
      size: 6838
    - path: reports/dqv_results.json
      hash: md5
      md5: 5a64eb99d24613d8bc915cba4a6fd1f0
      size: 1736
  transform:
    cmd: python -c " import pandas as pd; import sys; sys.path.insert(0, 'src');
      from transformer import MedicalTransformer; df = 
      pd.read_csv('data/processed/medical_v1.0_anonymized.csv'); t = 
      MedicalTransformer(); result = t.fit_transform(df); 
      result.to_csv('data/processed/medical_v1.0_transformed.csv', index=False) 
      "
    deps:
    - path: config.yaml
      hash: md5
      md5: d1142a2ffd01d6f2106dd3a00b5a2571
      size: 3971
    - path: data/processed/medical_v1.0_anonymized.csv
      hash: md5
      md5: 8f3a40496560dd1230a2b273c8d8e4e4
      size: 18942
    - path: src/transformer.py
      hash: md5
      md5: a66b91c6c789fed68ae719e2adf18816
      size: 12838
    outs:
    - path: data/processed/medical_v1.0_transformed.csv
      hash: md5
      md5: 8e01eaebe483ed1a0b419b1edca362a5
      size: 67733
    - path: data/processed/transformer_pipeline.pkl
      hash: md5
      md5: fed76a9d4021b6a56cf9fe6a81eb1fcf
      size: 5661
