schema: '2.0'
stages:
  scrape:
    cmd: python src/scraper.py
    deps:
    - path: config.yaml
      hash: md5
      md5: d1142a2ffd01d6f2106dd3a00b5a2571
      size: 3971
    - path: src/scraper.py
      hash: md5
      md5: bfd4177e289a3be73cf82745b4570d49
      size: 17072
    outs:
    - path: data/raw/medical_raw.csv
      hash: md5
      md5: 3e0fdc99c45d3b5a47b22e8de1c270ae
      size: 27254
  anonymize:
    cmd: python -c " import pandas as pd; import sys; sys.path.insert(0, 'src');
      from anonymizer import MedicalAnonymizer; df = 
      pd.read_csv('data/raw/medical_raw.csv'); MedicalAnonymizer(k=3, 
      strategy='replace', 
      output_path='data/processed/medical_v1.0_anonymized.csv', 
      report_path='reports/anonymization_report.json').run(df) "
    deps:
    - path: config.yaml
      hash: md5
      md5: d1142a2ffd01d6f2106dd3a00b5a2571
      size: 3971
    - path: data/raw/medical_raw.csv
      hash: md5
      md5: 3e0fdc99c45d3b5a47b22e8de1c270ae
      size: 27254
    - path: src/anonymizer.py
      hash: md5
      md5: 38df705208eb1086f87329861786787f
      size: 12605
    outs:
    - path: data/processed/medical_v1.0_anonymized.csv
      hash: md5
      md5: 8f3a40496560dd1230a2b273c8d8e4e4
      size: 18942
    - path: reports/anonymization_report.json
      hash: md5
      md5: 19436ebfd16613dda89db7f2b265f491
      size: 653
  dqv:
    cmd: python -c " import pandas as pd; import sys; sys.path.insert(0, 'src');
      from dqv import DataQualityVerifier, DQVConfig; df = 
      pd.read_csv('data/processed/medical_v1.0_anonymized.csv'); gate, _ = 
      DataQualityVerifier(DQVConfig()).run(df); sys.exit(0 if gate else 1) "
    deps:
    - path: config.yaml
      hash: md5
      md5: d1142a2ffd01d6f2106dd3a00b5a2571
      size: 3971
    - path: data/processed/medical_v1.0_anonymized.csv
      hash: md5
      md5: 8f3a40496560dd1230a2b273c8d8e4e4
      size: 18942
    - path: src/dqv.py
      hash: md5
      md5: 791ca887259ea85248ded97c5b8b2d67
      size: 19662
    outs:
    - path: reports/dqv_report.html
      hash: md5
      md5: 447e7298c697da49f793890391439677
      size: 7785
    - path: reports/dqv_results.json
      hash: md5
      md5: 03fc381a2b82673056aaae9d86e688be
      size: 3456
  transform:
    cmd: python -c " import pandas as pd; import sys; sys.path.insert(0, 'src');
      from transformer import MedicalTransformer; df = 
      pd.read_csv('data/processed/medical_v1.0_anonymized.csv'); t = 
      MedicalTransformer(); result = t.fit_transform(df); 
      result.to_csv('data/processed/medical_v1.0_transformed.csv', index=False) 
      "
    deps:
    - path: config.yaml
      hash: md5
      md5: d1142a2ffd01d6f2106dd3a00b5a2571
      size: 3971
    - path: data/processed/medical_v1.0_anonymized.csv
      hash: md5
      md5: 8f3a40496560dd1230a2b273c8d8e4e4
      size: 18942
    - path: src/transformer.py
      hash: md5
      md5: a66b91c6c789fed68ae719e2adf18816
      size: 12838
    outs:
    - path: data/processed/medical_v1.0_transformed.csv
      hash: md5
      md5: 9af84500235e4fe66a365045706798a2
      size: 109427
    - path: data/processed/transformer_pipeline.pkl
      hash: md5
      md5: efdfca4e380466f0043c4fed31fc0d00
      size: 4548
